
Microsoft Visual Studio Solution File, Format Version 12.00
# Visual Studio Version 16
VisualStudioVersion = 16.0.31702.278
MinimumVisualStudioVersion = 10.0.40219.1
Project("{FAE04EC0-301F-11D3-BF4B-00C04F79EFBC}") = "CalcExtraopdracht", "CalcExtraopdracht\CalcExtraopdracht.csproj", "{264E4A54-4069-4FD1-9F60-2EEE14AA51BA}"
EndProject
Global
	GlobalSection(SolutionConfigurationPlatforms) = preSolution
		Debug|Any CPU = Debug|Any CPU
		Release|Any CPU = Release|Any CPU
	EndGlobalSection
	GlobalSection(ProjectConfigurationPlatforms) = postSolution
		{264E4A54-4069-4FD1-9F60-2EEE14AA51BA}.Debug|Any CPU.ActiveCfg = Debug|Any CPU
		{264E4A54-4069-4FD1-9F60-2EEE14AA51BA}.Debug|Any CPU.Build.0 = Debug|Any CPU
		{264E4A54-4069-4FD1-9F60-2EEE14AA51BA}.Release|Any CPU.ActiveCfg = Release|Any CPU
		{264E4A54-4069-4FD1-9F60-2EEE14AA51BA}.Release|Any CPU.Build.0 = Release|Any CPU
	EndGlobalSection
	GlobalSection(SolutionProperties) = preSolution
		HideSolutionNode = FALSE
	EndGlobalSection
	GlobalSection(ExtensibilityGlobals) = postSolution
		SolutionGuid = {5C2773DF-8B78-4927-937B-021034FE49AA}
	EndGlobalSection
EndGlobal
